---
lockfileVersion: 1
lockfileVendor: redhat
arches:
- arch: aarch64
  packages:
  - url: https://cdn-ubi.redhat.com/content/public/ubi/dist/ubi9/9/aarch64/baseos/os/Packages/g/gzip-1.12-2.el9_8.aarch64.rpm
    repoid: ubi-9-for-aarch64-baseos-rpms
    size: 171305
    checksum: sha256:efafc848fdaa3a8e5e77baddc07abc7d800dc973efd44ecf492bc64dca4fabe6
    name: gzip
    evr: 1.12-2.el9_8
    sourcerpm: gzip-1.12-2.el9_8.src.rpm
  source:
  - url: https://cdn-ubi.redhat.com/content/public/ubi/dist/ubi9/9/aarch64/baseos/source/SRPMS/Packages/g/gzip-1.12-2.el9_8.src.rpm
    repoid: ubi-9-for-aarch64-baseos-source-rpms
    size: 859023
    checksum: sha256:f28fcbe8f3de2ec7dcdb51b1f51f03f61d0afa18c9fef10d210f40ff0c71f3a0
    name: gzip
    evr: 1.12-2.el9_8
  module_metadata: []
- arch: ppc64le
  packages:
  - url: https://cdn-ubi.redhat.com/content/public/ubi/dist/ubi9/9/ppc64le/baseos/os/Packages/g/gzip-1.12-2.el9_8.ppc64le.rpm
    repoid: ubi-9-for-ppc64le-baseos-rpms
    size: 176201
    checksum: sha256:6303a915e54bf2df02c788387d44b4e08882c1431b896483482fa87a2b799972
    name: gzip
    evr: 1.12-2.el9_8
    sourcerpm: gzip-1.12-2.el9_8.src.rpm
  source:
  - url: https://cdn-ubi.redhat.com/content/public/ubi/dist/ubi9/9/ppc64le/baseos/source/SRPMS/Packages/g/gzip-1.12-2.el9_8.src.rpm
    repoid: ubi-9-for-ppc64le-baseos-source-rpms
    size: 859023
    checksum: sha256:f28fcbe8f3de2ec7dcdb51b1f51f03f61d0afa18c9fef10d210f40ff0c71f3a0
    name: gzip
    evr: 1.12-2.el9_8
  module_metadata: []
- arch: s390x
  packages:
  - url: https://cdn-ubi.redhat.com/content/public/ubi/dist/ubi9/9/s390x/baseos/os/Packages/g/gzip-1.12-2.el9_8.s390x.rpm
    repoid: ubi-9-for-s390x-baseos-rpms
    size: 174286
    checksum: sha256:6a78d3ceeb859f4be0ae548a63556ede364b89cc9e984063e011086e497ae24d
    name: gzip
    evr: 1.12-2.el9_8
    sourcerpm: gzip-1.12-2.el9_8.src.rpm
  source:
  - url: https://cdn-ubi.redhat.com/content/public/ubi/dist/ubi9/9/s390x/baseos/source/SRPMS/Packages/g/gzip-1.12-2.el9_8.src.rpm
    repoid: ubi-9-for-s390x-baseos-source-rpms
    size: 859023
    checksum: sha256:f28fcbe8f3de2ec7dcdb51b1f51f03f61d0afa18c9fef10d210f40ff0c71f3a0
    name: gzip
    evr: 1.12-2.el9_8
  module_metadata: []
- arch: x86_64
  packages:
  - url: https://cdn-ubi.redhat.com/content/public/ubi/dist/ubi9/9/x86_64/baseos/os/Packages/g/gzip-1.12-2.el9_8.x86_64.rpm
    repoid: ubi-9-for-x86_64-baseos-rpms
    size: 172571
    checksum: sha256:a87bdcce45011f232758c01bd99c564b5f6b549d391646cc573a132d22604b85
    name: gzip
    evr: 1.12-2.el9_8
    sourcerpm: gzip-1.12-2.el9_8.src.rpm
  source:
  - url: https://cdn-ubi.redhat.com/content/public/ubi/dist/ubi9/9/x86_64/baseos/source/SRPMS/Packages/g/gzip-1.12-2.el9_8.src.rpm
    repoid: ubi-9-for-x86_64-baseos-source-rpms
    size: 859023
    checksum: sha256:f28fcbe8f3de2ec7dcdb51b1f51f03f61d0afa18c9fef10d210f40ff0c71f3a0
    name: gzip
    evr: 1.12-2.el9_8
  module_metadata: []
