{
  "name": "yarn3-nodejs20-ubi9-minimal",
  "version": "1.0.0",
  "lockfileVersion": 3,
  "requires": true,
  "packages": {
    "": {
      "name": "yarn3-nodejs20-ubi9-minimal",
      "version": "1.0.0",
      "dependencies": {
        "@yarnpkg/cli-dist": "^4.0.0"
      }
    },
    "node_modules/@yarnpkg/cli-dist": {
      "version": "4.10.3",
      "resolved": "https://registry.npmjs.org/@yarnpkg/cli-dist/-/cli-dist-4.10.3.tgz",
      "integrity": "sha512-OKLKR6w4RpXjtDzMnkcEXMX55toUme0i/acIiUkmTspaX2zFYLmGPDBmsbFcpWBhbuamX2e8dXgoTx8lDr89lQ==",
      "license": "BSD-2-Clause",
      "bin": {
        "yarn": "bin/yarn.js",
        "yarnpkg": "bin/yarn.js"
      },
      "engines": {
        "node": ">=18.12.0"
      }
    }
  }
}
