{
  "name": "yarn3-nodejs20-ubi9-minimal",
  "version": "1.0.0",
  "lockfileVersion": 3,
  "requires": true,
  "packages": {
    "": {
      "name": "yarn3-nodejs20-ubi9-minimal",
      "version": "1.0.0",
      "dependencies": {
        "@yarnpkg/cli-dist": "^3.8.7"
      }
    },
    "node_modules/@yarnpkg/cli-dist": {
      "version": "3.8.7",
      "resolved": "https://registry.npmjs.org/@yarnpkg/cli-dist/-/cli-dist-3.8.7.tgz",
      "integrity": "sha512-YMoAlLR9f+kxXjK72ggBIidi3ulQQrQpMSxzrLUt0OUk9Xdst2v26LBSYFlzOm+7KRNWgYIJpFjA8uRnCgB5xQ==",
      "license": "BSD-2-Clause",
      "bin": {
        "yarn": "bin/yarn.js",
        "yarnpkg": "bin/yarn.js"
      },
      "engines": {
        "node": ">=12 <14 || 14.2 - 14.9 || >14.10.0"
      }
    }
  }
}
